{
    "_meta": {
        "hash": {
            "sha256": "1e28b59d0008a38cd50a9195a1f3fb45ccb7bef864a1a370e5083e72dabc41ee"
        },
        "pipfile-spec": 6,
        "requires": {
            "python_version": "3.6"
        },
        "sources": [
            {
                "name": "pypi",
                "url": "https://pypi.org/simple",
                "verify_ssl": true
            }
        ]
    },
    "default": {
        "attrs": {
            "hashes": [
                "sha256:31b2eced602aa8423c2aea9c76a724617ed67cf9513173fd3a4f03e3a929c7e6",
                "sha256:832aa3cde19744e49938b91fea06d69ecb9e649c93ba974535d08ad92164f700"
            ],
            "version": "==20.3.0"
        },
        "falcon": {
            "hashes": [
                "sha256:18157af2a4fc3feedf2b5dcc6196f448639acf01c68bc33d4d5a04c3ef87f494",
                "sha256:24adcd2b29a8ffa9d552dc79638cd21736a3fb04eda7d102c6cebafdaadb88ad",
                "sha256:54f2cb4b687035b2a03206dbfc538055cc48b59a953187b0458aa1b574d47b53",
                "sha256:59d1e8c993b9a37ea06df9d72cf907a46cc8063b30717cdac2f34d1658b6f936",
                "sha256:733033ec80c896e30a43ab3e776856096836787197a44eb21022320a61311983",
                "sha256:74cf1d18207381c665b9e6292d65100ce146d958707793174b03869dc6e614f4",
                "sha256:95bf6ce986c1119aef12c9b348f4dee9c6dcc58391bdd0bc2b0bf353c2b15986",
                "sha256:9712975adcf8c6e12876239085ad757b8fdeba223d46d23daef82b47658f83a9",
                "sha256:a5ebb22a04c9cc65081938ee7651b4e3b4d2a28522ea8ec04c7bdd2b3e9e8cd8",
                "sha256:aa184895d1ad4573fbfaaf803563d02f019ebdf4790e41cc568a330607eae439",
                "sha256:e3782b7b92fefd46a6ad1fd8fe63fe6c6f1b7740a95ca56957f48d1aee34b357",
                "sha256:e9efa0791b5d9f9dd9689015ea6bce0a27fcd5ecbcd30e6d940bffa4f7f03389",
                "sha256:eea593cf466b9c126ce667f6d30503624ef24459f118c75594a69353b6c3d5fc",
                "sha256:f93351459f110b4c1ee28556aef9a791832df6f910bea7b3f616109d534df06b"
            ],
            "index": "pypi",
            "version": "==2.0.0"
        },
        "importlib-metadata": {
            "hashes": [
                "sha256:19192b88d959336bfa6bdaaaef99aeafec179eca19c47c804e555703ee5f07ef",
                "sha256:2e881981c9748d7282b374b68e759c87745c25427b67ecf0cc67fb6637a1bff9"
            ],
            "markers": "python_version < '3.8'",
            "version": "==4.0.0"
        },
        "more-itertools": {
            "hashes": [
                "sha256:5652a9ac72209ed7df8d9c15daf4e1aa0e3d2ccd3c87f8265a0673cd9cbc9ced",
                "sha256:c5d6da9ca3ff65220c3bfd2a8db06d698f05d4d2b9be57e1deb2be5a45019713"
            ],
            "version": "==8.7.0"
        },
        "packaging": {
            "hashes": [
                "sha256:5b327ac1320dc863dca72f4514ecc086f31186744b84a230374cc1fd776feae5",
                "sha256:67714da7f7bc052e064859c05c595155bd1ee9f69f76557e21f051443c20947a"
            ],
            "version": "==20.9"
        },
        "pluggy": {
            "hashes": [
                "sha256:15b2acde666561e1298d71b523007ed7364de07029219b604cf808bfa1c765b0",
                "sha256:966c145cd83c96502c3c3868f50408687b38434af77734af1e9ca461a4081d2d"
            ],
            "version": "==0.13.1"
        },
        "py": {
            "hashes": [
                "sha256:21b81bda15b66ef5e1a777a21c4dcd9c20ad3efd0b3f817e7a809035269e1bd3",
                "sha256:3b80836aa6d1feeaa108e046da6423ab8f6ceda6468545ae8d02d9d58d18818a"
            ],
            "index": "pypi",
            "version": "==1.10.0"
        },
        "pyparsing": {
            "hashes": [
                "sha256:c203ec8783bf771a155b207279b9bccb8dea02d8f0c9e5f8ead507bc3246ecc1",
                "sha256:ef9d7589ef3c200abe66653d3f1ab1033c3c419ae9b9bdb1240a85b024efc88b"
            ],
            "version": "==2.4.7"
        },
        "pytest": {
            "hashes": [
                "sha256:6b571215b5a790f9b41f19f3531c53a45cf6bb8ef2988bc1ff9afb38270b25fa",
                "sha256:e41d489ff43948babd0fad7ad5e49b8735d5d55e26628a58673c39ff61d95de4"
            ],
            "index": "pypi",
            "version": "==5.3.2"
        },
        "typing-extensions": {
            "hashes": [
                "sha256:7cb407020f00f7bfc3cb3e7881628838e69d8f3fcab2f64742a5e76b2f841918",
                "sha256:99d4073b617d30288f569d3f13d2bd7548c3a7e4c8de87db09a9d29bb3a4a60c",
                "sha256:dafc7639cde7f1b6e1acc0f457842a83e722ccca8eef5270af2d74792619a89f"
            ],
            "markers": "python_version < '3.8'",
            "version": "==3.7.4.3"
        },
        "wcwidth": {
            "hashes": [
                "sha256:beb4802a9cebb9144e99086eff703a642a13d6a0052920003a230f3294bbe784",
                "sha256:c4d647b99872929fdb7bdcaa4fbe7f01413ed3d98077df798530e5b04f116c83"
            ],
            "version": "==0.2.5"
        },
        "zipp": {
            "hashes": [
                "sha256:3607921face881ba3e026887d8150cca609d517579abe052ac81fc5aeffdbd76",
                "sha256:51cb66cc54621609dd593d1787f286ee42a5c0adbb4b29abea5a63edc3e03098"
            ],
            "version": "==3.4.1"
        }
    },
    "develop": {}
}
